
Microsoft Visual Studio Solution File, Format Version 12.00
# Visual Studio 15
VisualStudioVersion = 15.0.28307.168
MinimumVisualStudioVersion = 10.0.40219.1
Project("{8BC9CEB8-8B4A-11D0-8D11-00A0C91BC942}") = "DDOS", "DDOS\DDOS.vcxproj", "{583D408E-430D-4663-9A7A-FB975AC3CA0F}"
EndProject
Global
	GlobalSection(SolutionConfigurationPlatforms) = preSolution
		Debug|x64 = Debug|x64
		Debug|x86 = Debug|x86
		Release|x64 = Release|x64
		Release|x86 = Release|x86
	EndGlobalSection
	GlobalSection(ProjectConfigurationPlatforms) = postSolution
		{583D408E-430D-4663-9A7A-FB975AC3CA0F}.Debug|x64.ActiveCfg = Debug|x64
		{583D408E-430D-4663-9A7A-FB975AC3CA0F}.Debug|x64.Build.0 = Debug|x64
		{583D408E-430D-4663-9A7A-FB975AC3CA0F}.Debug|x86.ActiveCfg = Debug|Win32
		{583D408E-430D-4663-9A7A-FB975AC3CA0F}.Debug|x86.Build.0 = Debug|Win32
		{583D408E-430D-4663-9A7A-FB975AC3CA0F}.Release|x64.ActiveCfg = Release|x64
		{583D408E-430D-4663-9A7A-FB975AC3CA0F}.Release|x64.Build.0 = Release|x64
		{583D408E-430D-4663-9A7A-FB975AC3CA0F}.Release|x86.ActiveCfg = Release|Win32
		{583D408E-430D-4663-9A7A-FB975AC3CA0F}.Release|x86.Build.0 = Release|Win32
	EndGlobalSection
	GlobalSection(SolutionProperties) = preSolution
		HideSolutionNode = FALSE
	EndGlobalSection
	GlobalSection(ExtensibilityGlobals) = postSolution
		SolutionGuid = {EC64CC4B-D221-4C76-B54E-3E6E1E4624BA}
	EndGlobalSection
EndGlobal
